
Microsoft Visual Studio Solution File, Format Version 12.00
# Visual Studio Version 17
VisualStudioVersion = 17.8.34330.188
MinimumVisualStudioVersion = 10.0.40219.1
Project("{9A19103F-16F7-4668-BE54-9A1E7A4F7556}") = "LayoutSwitcher.Control", "Src\LayoutSwitcher.Control\LayoutSwitcher.Control.csproj", "{7F98219A-D526-4B98-B6D0-F9956B6F2C61}"
EndProject
Project("{9A19103F-16F7-4668-BE54-9A1E7A4F7556}") = "LayoutSwitcher.Gui.WPF", "Src\LayoutSwitcher.Gui.WPF\LayoutSwitcher.Gui.WPF.csproj", "{FE758902-E51F-4692-90CD-02F5597C9DEB}"
EndProject
Project("{9A19103F-16F7-4668-BE54-9A1E7A4F7556}") = "LayoutSwitcher.Models", "Src\LayoutSwitcher.Models\LayoutSwitcher.Models.csproj", "{8F197EE2-164F-473D-9AF6-F4891092116E}"
EndProject
Project("{9A19103F-16F7-4668-BE54-9A1E7A4F7556}") = "LayoutSwitcher.ViewModels", "Src\LayoutSwitcher.ViewModels\LayoutSwitcher.ViewModels.csproj", "{5B2377E2-C718-42A6-A04F-913FAAEE7CA3}"
EndProject
Project("{FAE04EC0-301F-11D3-BF4B-00C04F79EFBC}") = "LayoutSwitcher.GUI.Avalonia", "Src\LayoutSwitcher.GUI.Avalonia\LayoutSwitcher.GUI.Avalonia.csproj", "{01E48564-B33F-4BC0-9D02-9FCD28A56B46}"
EndProject
Project("{FAE04EC0-301F-11D3-BF4B-00C04F79EFBC}") = "LayoutSwitcher.GUI.Avalonia.Desktop", "Src\LayoutSwitcher.GUI.Avalonia.Desktop\LayoutSwitcher.GUI.Avalonia.Desktop.csproj", "{BE64448D-24D6-4237-9215-3934F869E15E}"
EndProject
Global
	GlobalSection(SolutionConfigurationPlatforms) = preSolution
		Debug|Any CPU = Debug|Any CPU
		Debug|x64 = Debug|x64
		Debug|x86 = Debug|x86
		Release|Any CPU = Release|Any CPU
		Release|x64 = Release|x64
		Release|x86 = Release|x86
	EndGlobalSection
	GlobalSection(ProjectConfigurationPlatforms) = postSolution
		{7F98219A-D526-4B98-B6D0-F9956B6F2C61}.Debug|Any CPU.ActiveCfg = Debug|Any CPU
		{7F98219A-D526-4B98-B6D0-F9956B6F2C61}.Debug|Any CPU.Build.0 = Debug|Any CPU
		{7F98219A-D526-4B98-B6D0-F9956B6F2C61}.Debug|x64.ActiveCfg = Debug|Any CPU
		{7F98219A-D526-4B98-B6D0-F9956B6F2C61}.Debug|x64.Build.0 = Debug|Any CPU
		{7F98219A-D526-4B98-B6D0-F9956B6F2C61}.Debug|x86.ActiveCfg = Debug|Any CPU
		{7F98219A-D526-4B98-B6D0-F9956B6F2C61}.Debug|x86.Build.0 = Debug|Any CPU
		{7F98219A-D526-4B98-B6D0-F9956B6F2C61}.Release|Any CPU.ActiveCfg = Release|Any CPU
		{7F98219A-D526-4B98-B6D0-F9956B6F2C61}.Release|Any CPU.Build.0 = Release|Any CPU
		{7F98219A-D526-4B98-B6D0-F9956B6F2C61}.Release|x64.ActiveCfg = Release|Any CPU
		{7F98219A-D526-4B98-B6D0-F9956B6F2C61}.Release|x64.Build.0 = Release|Any CPU
		{7F98219A-D526-4B98-B6D0-F9956B6F2C61}.Release|x86.ActiveCfg = Release|Any CPU
		{7F98219A-D526-4B98-B6D0-F9956B6F2C61}.Release|x86.Build.0 = Release|Any CPU
		{FE758902-E51F-4692-90CD-02F5597C9DEB}.Debug|Any CPU.ActiveCfg = Debug|Any CPU
		{FE758902-E51F-4692-90CD-02F5597C9DEB}.Debug|Any CPU.Build.0 = Debug|Any CPU
		{FE758902-E51F-4692-90CD-02F5597C9DEB}.Debug|x64.ActiveCfg = Debug|Any CPU
		{FE758902-E51F-4692-90CD-02F5597C9DEB}.Debug|x64.Build.0 = Debug|Any CPU
		{FE758902-E51F-4692-90CD-02F5597C9DEB}.Debug|x86.ActiveCfg = Debug|Any CPU
		{FE758902-E51F-4692-90CD-02F5597C9DEB}.Debug|x86.Build.0 = Debug|Any CPU
		{FE758902-E51F-4692-90CD-02F5597C9DEB}.Release|Any CPU.ActiveCfg = Release|Any CPU
		{FE758902-E51F-4692-90CD-02F5597C9DEB}.Release|Any CPU.Build.0 = Release|Any CPU
		{FE758902-E51F-4692-90CD-02F5597C9DEB}.Release|x64.ActiveCfg = Release|Any CPU
		{FE758902-E51F-4692-90CD-02F5597C9DEB}.Release|x64.Build.0 = Release|Any CPU
		{FE758902-E51F-4692-90CD-02F5597C9DEB}.Release|x86.ActiveCfg = Release|Any CPU
		{FE758902-E51F-4692-90CD-02F5597C9DEB}.Release|x86.Build.0 = Release|Any CPU
		{8F197EE2-164F-473D-9AF6-F4891092116E}.Debug|Any CPU.ActiveCfg = Debug|Any CPU
		{8F197EE2-164F-473D-9AF6-F4891092116E}.Debug|Any CPU.Build.0 = Debug|Any CPU
		{8F197EE2-164F-473D-9AF6-F4891092116E}.Debug|x64.ActiveCfg = Debug|Any CPU
		{8F197EE2-164F-473D-9AF6-F4891092116E}.Debug|x64.Build.0 = Debug|Any CPU
		{8F197EE2-164F-473D-9AF6-F4891092116E}.Debug|x86.ActiveCfg = Debug|Any CPU
		{8F197EE2-164F-473D-9AF6-F4891092116E}.Debug|x86.Build.0 = Debug|Any CPU
		{8F197EE2-164F-473D-9AF6-F4891092116E}.Release|Any CPU.ActiveCfg = Release|Any CPU
		{8F197EE2-164F-473D-9AF6-F4891092116E}.Release|Any CPU.Build.0 = Release|Any CPU
		{8F197EE2-164F-473D-9AF6-F4891092116E}.Release|x64.ActiveCfg = Release|Any CPU
		{8F197EE2-164F-473D-9AF6-F4891092116E}.Release|x64.Build.0 = Release|Any CPU
		{8F197EE2-164F-473D-9AF6-F4891092116E}.Release|x86.ActiveCfg = Release|Any CPU
		{8F197EE2-164F-473D-9AF6-F4891092116E}.Release|x86.Build.0 = Release|Any CPU
		{5B2377E2-C718-42A6-A04F-913FAAEE7CA3}.Debug|Any CPU.ActiveCfg = Debug|Any CPU
		{5B2377E2-C718-42A6-A04F-913FAAEE7CA3}.Debug|Any CPU.Build.0 = Debug|Any CPU
		{5B2377E2-C718-42A6-A04F-913FAAEE7CA3}.Debug|x64.ActiveCfg = Debug|Any CPU
		{5B2377E2-C718-42A6-A04F-913FAAEE7CA3}.Debug|x64.Build.0 = Debug|Any CPU
		{5B2377E2-C718-42A6-A04F-913FAAEE7CA3}.Debug|x86.ActiveCfg = Debug|Any CPU
		{5B2377E2-C718-42A6-A04F-913FAAEE7CA3}.Debug|x86.Build.0 = Debug|Any CPU
		{5B2377E2-C718-42A6-A04F-913FAAEE7CA3}.Release|Any CPU.ActiveCfg = Release|Any CPU
		{5B2377E2-C718-42A6-A04F-913FAAEE7CA3}.Release|Any CPU.Build.0 = Release|Any CPU
		{5B2377E2-C718-42A6-A04F-913FAAEE7CA3}.Release|x64.ActiveCfg = Release|Any CPU
		{5B2377E2-C718-42A6-A04F-913FAAEE7CA3}.Release|x64.Build.0 = Release|Any CPU
		{5B2377E2-C718-42A6-A04F-913FAAEE7CA3}.Release|x86.ActiveCfg = Release|Any CPU
		{5B2377E2-C718-42A6-A04F-913FAAEE7CA3}.Release|x86.Build.0 = Release|Any CPU
		{01E48564-B33F-4BC0-9D02-9FCD28A56B46}.Debug|Any CPU.ActiveCfg = Debug|Any CPU
		{01E48564-B33F-4BC0-9D02-9FCD28A56B46}.Debug|Any CPU.Build.0 = Debug|Any CPU
		{01E48564-B33F-4BC0-9D02-9FCD28A56B46}.Debug|x64.ActiveCfg = Debug|Any CPU
		{01E48564-B33F-4BC0-9D02-9FCD28A56B46}.Debug|x64.Build.0 = Debug|Any CPU
		{01E48564-B33F-4BC0-9D02-9FCD28A56B46}.Debug|x86.ActiveCfg = Debug|Any CPU
		{01E48564-B33F-4BC0-9D02-9FCD28A56B46}.Debug|x86.Build.0 = Debug|Any CPU
		{01E48564-B33F-4BC0-9D02-9FCD28A56B46}.Release|Any CPU.ActiveCfg = Release|Any CPU
		{01E48564-B33F-4BC0-9D02-9FCD28A56B46}.Release|Any CPU.Build.0 = Release|Any CPU
		{01E48564-B33F-4BC0-9D02-9FCD28A56B46}.Release|x64.ActiveCfg = Release|Any CPU
		{01E48564-B33F-4BC0-9D02-9FCD28A56B46}.Release|x64.Build.0 = Release|Any CPU
		{01E48564-B33F-4BC0-9D02-9FCD28A56B46}.Release|x86.ActiveCfg = Release|Any CPU
		{01E48564-B33F-4BC0-9D02-9FCD28A56B46}.Release|x86.Build.0 = Release|Any CPU
		{BE64448D-24D6-4237-9215-3934F869E15E}.Debug|Any CPU.ActiveCfg = Debug|Any CPU
		{BE64448D-24D6-4237-9215-3934F869E15E}.Debug|Any CPU.Build.0 = Debug|Any CPU
		{BE64448D-24D6-4237-9215-3934F869E15E}.Debug|x64.ActiveCfg = Debug|Any CPU
		{BE64448D-24D6-4237-9215-3934F869E15E}.Debug|x64.Build.0 = Debug|Any CPU
		{BE64448D-24D6-4237-9215-3934F869E15E}.Debug|x86.ActiveCfg = Debug|Any CPU
		{BE64448D-24D6-4237-9215-3934F869E15E}.Debug|x86.Build.0 = Debug|Any CPU
		{BE64448D-24D6-4237-9215-3934F869E15E}.Release|Any CPU.ActiveCfg = Release|Any CPU
		{BE64448D-24D6-4237-9215-3934F869E15E}.Release|Any CPU.Build.0 = Release|Any CPU
		{BE64448D-24D6-4237-9215-3934F869E15E}.Release|x64.ActiveCfg = Release|Any CPU
		{BE64448D-24D6-4237-9215-3934F869E15E}.Release|x64.Build.0 = Release|Any CPU
		{BE64448D-24D6-4237-9215-3934F869E15E}.Release|x86.ActiveCfg = Release|Any CPU
		{BE64448D-24D6-4237-9215-3934F869E15E}.Release|x86.Build.0 = Release|Any CPU
	EndGlobalSection
	GlobalSection(SolutionProperties) = preSolution
		HideSolutionNode = FALSE
	EndGlobalSection
	GlobalSection(ExtensibilityGlobals) = postSolution
		SolutionGuid = {BB4D7576-0938-49EB-A1D1-44046FB65F79}
	EndGlobalSection
EndGlobal
